// !$*UTF8*$!
{
	archiveVersion = 1;
	classes = {
	};
	objectVersion = 46;
	objects = {

/* Begin PBXBuildFile section */
		90F575061B8AACE50057CEE4 /* AppDelegate.swift in Sources */ = {isa = PBXBuildFile; fileRef = 90F575051B8AACE50057CEE4 /* AppDelegate.swift */; };
		90F575081B8AACE50057CEE4 /* ViewController.swift in Sources */ = {isa = PBXBuildFile; fileRef = 90F575071B8AACE50057CEE4 /* ViewController.swift */; };
		90F5750B1B8AACE50057CEE4 /* Main.storyboard in Resources */ = {isa = PBXBuildFile; fileRef = 90F575091B8AACE50057CEE4 /* Main.storyboard */; };
		90F5750D1B8AACE50057CEE4 /* Images.xcassets in Resources */ = {isa = PBXBuildFile; fileRef = 90F5750C1B8AACE50057CEE4 /* Images.xcassets */; };
		90F575101B8AACE50057CEE4 /* LaunchScreen.xib in Resources */ = {isa = PBXBuildFile; fileRef = 90F5750E1B8AACE50057CEE4 /* LaunchScreen.xib */; };
		90F5751C1B8AACE50057CEE4 /* clcltrTests.swift in Sources */ = {isa = PBXBuildFile; fileRef = 90F5751B1B8AACE50057CEE4 /* clcltrTests.swift */; };
		90F575261B8AC2950057CEE4 /* SettingsViewController.swift in Sources */ = {isa = PBXBuildFile; fileRef = 90F575251B8AC2950057CEE4 /* SettingsViewController.swift */; };
/* End PBXBuildFile section */

/* Begin PBXContainerItemProxy section */
		90F575161B8AACE50057CEE4 /* PBXContainerItemProxy */ = {
			isa = PBXContainerItemProxy;
			containerPortal = 90F574F81B8AACE50057CEE4 /* Project object */;
			proxyType = 1;
			remoteGlobalIDString = 90F574FF1B8AACE50057CEE4;
			remoteInfo = clcltr;
		};
/* End PBXContainerItemProxy section */

/* Begin PBXFileReference section */
		90F575001B8AACE50057CEE4 /* clcltr.app */ = {isa = PBXFileReference; explicitFileType = wrapper.application; includeInIndex = 0; path = clcltr.app; sourceTree = BUILT_PRODUCTS_DIR; };
		90F575041B8AACE50057CEE4 /* Info.plist */ = {isa = PBXFileReference; lastKnownFileType = text.plist.xml; path = Info.plist; sourceTree = "<group>"; };
		90F575051B8AACE50057CEE4 /* AppDelegate.swift */ = {isa = PBXFileReference; lastKnownFileType = sourcecode.swift; path = AppDelegate.swift; sourceTree = "<group>"; };
		90F575071B8AACE50057CEE4 /* ViewController.swift */ = {isa = PBXFileReference; lastKnownFileType = sourcecode.swift; path = ViewController.swift; sourceTree = "<group>"; };
		90F5750A1B8AACE50057CEE4 /* Base */ = {isa = PBXFileReference; lastKnownFileType = file.storyboard; name = Base; path = Base.lproj/Main.storyboard; sourceTree = "<group>"; };
		90F5750C1B8AACE50057CEE4 /* Images.xcassets */ = {isa = PBXFileReference; lastKnownFileType = folder.assetcatalog; path = Images.xcassets; sourceTree = "<group>"; };
		90F5750F1B8AACE50057CEE4 /* Base */ = {isa = PBXFileReference; lastKnownFileType = file.xib; name = Base; path = Base.lproj/LaunchScreen.xib; sourceTree = "<group>"; };
		90F575151B8AACE50057CEE4 /* clcltrTests.xctest */ = {isa = PBXFileReference; explicitFileType = wrapper.cfbundle; includeInIndex = 0; path = clcltrTests.xctest; sourceTree = BUILT_PRODUCTS_DIR; };
		90F5751A1B8AACE50057CEE4 /* Info.plist */ = {isa = PBXFileReference; lastKnownFileType = text.plist.xml; path = Info.plist; sourceTree = "<group>"; };
		90F5751B1B8AACE50057CEE4 /* clcltrTests.swift */ = {isa = PBXFileReference; lastKnownFileType = sourcecode.swift; path = clcltrTests.swift; sourceTree = "<group>"; };
		90F575251B8AC2950057CEE4 /* SettingsViewController.swift */ = {isa = PBXFileReference; fileEncoding = 4; lastKnownFileType = sourcecode.swift; path = SettingsViewController.swift; sourceTree = "<group>"; };
/* End PBXFileReference section */

/* Begin PBXFrameworksBuildPhase section */
		90F574FD1B8AACE50057CEE4 /* Frameworks */ = {
			isa = PBXFrameworksBuildPhase;
			buildActionMask = 2147483647;
			files = (
			);
			runOnlyForDeploymentPostprocessing = 0;
		};
		90F575121B8AACE50057CEE4 /* Frameworks */ = {
			isa = PBXFrameworksBuildPhase;
			buildActionMask = 2147483647;
			files = (
			);
			runOnlyForDeploymentPostprocessing = 0;
		};
/* End PBXFrameworksBuildPhase section */

/* Begin PBXGroup section */
		90F574F71B8AACE50057CEE4 = {
			isa = PBXGroup;
			children = (
				90F575021B8AACE50057CEE4 /* clcltr */,
				90F575181B8AACE50057CEE4 /* clcltrTests */,
				90F575011B8AACE50057CEE4 /* Products */,
			);
			sourceTree = "<group>";
		};
		90F575011B8AACE50057CEE4 /* Products */ = {
			isa = PBXGroup;
			children = (
				90F575001B8AACE50057CEE4 /* clcltr.app */,
				90F575151B8AACE50057CEE4 /* clcltrTests.xctest */,
			);
			name = Products;
			sourceTree = "<group>";
		};
		90F575021B8AACE50057CEE4 /* clcltr */ = {
			isa = PBXGroup;
			children = (
				90F575051B8AACE50057CEE4 /* AppDelegate.swift */,
				90F575071B8AACE50057CEE4 /* ViewController.swift */,
				90F575251B8AC2950057CEE4 /* SettingsViewController.swift */,
				90F575091B8AACE50057CEE4 /* Main.storyboard */,
				90F5750C1B8AACE50057CEE4 /* Images.xcassets */,
				90F5750E1B8AACE50057CEE4 /* LaunchScreen.xib */,
				90F575031B8AACE50057CEE4 /* Supporting Files */,
			);
			path = clcltr;
			sourceTree = "<group>";
		};
		90F575031B8AACE50057CEE4 /* Supporting Files */ = {
			isa = PBXGroup;
			children = (
				90F575041B8AACE50057CEE4 /* Info.plist */,
			);
			name = "Supporting Files";
			sourceTree = "<group>";
		};
		90F575181B8AACE50057CEE4 /* clcltrTests */ = {
			isa = PBXGroup;
			children = (
				90F5751B1B8AACE50057CEE4 /* clcltrTests.swift */,
				90F575191B8AACE50057CEE4 /* Supporting Files */,
			);
			path = clcltrTests;
			sourceTree = "<group>";
		};
		90F575191B8AACE50057CEE4 /* Supporting Files */ = {
			isa = PBXGroup;
			children = (
				90F5751A1B8AACE50057CEE4 /* Info.plist */,
			);
			name = "Supporting Files";
			sourceTree = "<group>";
		};
/* End PBXGroup section */

/* Begin PBXNativeTarget section */
		90F574FF1B8AACE50057CEE4 /* clcltr */ = {
			isa = PBXNativeTarget;
			buildConfigurationList = 90F5751F1B8AACE50057CEE4 /* Build configuration list for PBXNativeTarget "clcltr" */;
			buildPhases = (
				90F574FC1B8AACE50057CEE4 /* Sources */,
				90F574FD1B8AACE50057CEE4 /* Frameworks */,
				90F574FE1B8AACE50057CEE4 /* Resources */,
			);
			buildRules = (
			);
			dependencies = (
			);
			name = clcltr;
			productName = clcltr;
			productReference = 90F575001B8AACE50057CEE4 /* clcltr.app */;
			productType = "com.apple.product-type.application";
		};
		90F575141B8AACE50057CEE4 /* clcltrTests */ = {
			isa = PBXNativeTarget;
			buildConfigurationList = 90F575221B8AACE50057CEE4 /* Build configuration list for PBXNativeTarget "clcltrTests" */;
			buildPhases = (
				90F575111B8AACE50057CEE4 /* Sources */,
				90F575121B8AACE50057CEE4 /* Frameworks */,
				90F575131B8AACE50057CEE4 /* Resources */,
			);
			buildRules = (
			);
			dependencies = (
				90F575171B8AACE50057CEE4 /* PBXTargetDependency */,
			);
			name = clcltrTests;
			productName = clcltrTests;
			productReference = 90F575151B8AACE50057CEE4 /* clcltrTests.xctest */;
			productType = "com.apple.product-type.bundle.unit-test";
		};
/* End PBXNativeTarget section */

/* Begin PBXProject section */
		90F574F81B8AACE50057CEE4 /* Project object */ = {
			isa = PBXProject;
			attributes = {
				LastUpgradeCheck = 0640;
				ORGANIZATIONNAME = "Victor Zhang";
				TargetAttributes = {
					90F574FF1B8AACE50057CEE4 = {
						CreatedOnToolsVersion = 6.4;
					};
					90F575141B8AACE50057CEE4 = {
						CreatedOnToolsVersion = 6.4;
						TestTargetID = 90F574FF1B8AACE50057CEE4;
					};
				};
			};
			buildConfigurationList = 90F574FB1B8AACE50057CEE4 /* Build configuration list for PBXProject "clcltr" */;
			compatibilityVersion = "Xcode 3.2";
			developmentRegion = English;
			hasScannedForEncodings = 0;
			knownRegions = (
				en,
				Base,
			);
			mainGroup = 90F574F71B8AACE50057CEE4;
			productRefGroup = 90F575011B8AACE50057CEE4 /* Products */;
			projectDirPath = "";
			projectRoot = "";
			targets = (
				90F574FF1B8AACE50057CEE4 /* clcltr */,
				90F575141B8AACE50057CEE4 /* clcltrTests */,
			);
		};
/* End PBXProject section */

/* Begin PBXResourcesBuildPhase section */
		90F574FE1B8AACE50057CEE4 /* Resources */ = {
			isa = PBXResourcesBuildPhase;
			buildActionMask = 2147483647;
			files = (
				90F5750B1B8AACE50057CEE4 /* Main.storyboard in Resources */,
				90F575101B8AACE50057CEE4 /* LaunchScreen.xib in Resources */,
				90F5750D1B8AACE50057CEE4 /* Images.xcassets in Resources */,
			);
			runOnlyForDeploymentPostprocessing = 0;
		};
		90F575131B8AACE50057CEE4 /* Resources */ = {
			isa = PBXResourcesBuildPhase;
			buildActionMask = 2147483647;
			files = (
			);
			runOnlyForDeploymentPostprocessing = 0;
		};
/* End PBXResourcesBuildPhase section */

/* Begin PBXSourcesBuildPhase section */
		90F574FC1B8AACE50057CEE4 /* Sources */ = {
			isa = PBXSourcesBuildPhase;
			buildActionMask = 2147483647;
			files = (
				90F575081B8AACE50057CEE4 /* ViewController.swift in Sources */,
				90F575061B8AACE50057CEE4 /* AppDelegate.swift in Sources */,
				90F575261B8AC2950057CEE4 /* SettingsViewController.swift in Sources */,
			);
			runOnlyForDeploymentPostprocessing = 0;
		};
		90F575111B8AACE50057CEE4 /* Sources */ = {
			isa = PBXSourcesBuildPhase;
			buildActionMask = 2147483647;
			files = (
				90F5751C1B8AACE50057CEE4 /* clcltrTests.swift in Sources */,
			);
			runOnlyForDeploymentPostprocessing = 0;
		};
/* End PBXSourcesBuildPhase section */

/* Begin PBXTargetDependency section */
		90F575171B8AACE50057CEE4 /* PBXTargetDependency */ = {
			isa = PBXTargetDependency;
			target = 90F574FF1B8AACE50057CEE4 /* clcltr */;
			targetProxy = 90F575161B8AACE50057CEE4 /* PBXContainerItemProxy */;
		};
/* End PBXTargetDependency section */

/* Begin PBXVariantGroup section */
		90F575091B8AACE50057CEE4 /* Main.storyboard */ = {
			isa = PBXVariantGroup;
			children = (
				90F5750A1B8AACE50057CEE4 /* Base */,
			);
			name = Main.storyboard;
			sourceTree = "<group>";
		};
		90F5750E1B8AACE50057CEE4 /* LaunchScreen.xib */ = {
			isa = PBXVariantGroup;
			children = (
				90F5750F1B8AACE50057CEE4 /* Base */,
			);
			name = LaunchScreen.xib;
			sourceTree = "<group>";
		};
/* End PBXVariantGroup section */

/* Begin XCBuildConfiguration section */
		90F5751D1B8AACE50057CEE4 /* Debug */ = {
			isa = XCBuildConfiguration;
			buildSettings = {
				ALWAYS_SEARCH_USER_PATHS = NO;
				CLANG_CXX_LANGUAGE_STANDARD = "gnu++0x";
				CLANG_CXX_LIBRARY = "libc++";
				CLANG_ENABLE_MODULES = YES;
				CLANG_ENABLE_OBJC_ARC = YES;
				CLANG_WARN_BOOL_CONVERSION = YES;
				CLANG_WARN_CONSTANT_CONVERSION = YES;
				CLANG_WARN_DIRECT_OBJC_ISA_USAGE = YES_ERROR;
				CLANG_WARN_EMPTY_BODY = YES;
				CLANG_WARN_ENUM_CONVERSION = YES;
				CLANG_WARN_INT_CONVERSION = YES;
				CLANG_WARN_OBJC_ROOT_CLASS = YES_ERROR;
				CLANG_WARN_UNREACHABLE_CODE = YES;
				CLANG_WARN__DUPLICATE_METHOD_MATCH = YES;
				"CODE_SIGN_IDENTITY[sdk=iphoneos*]" = "iPhone Developer";
				COPY_PHASE_STRIP = NO;
				DEBUG_INFORMATION_FORMAT = "dwarf-with-dsym";
				ENABLE_STRICT_OBJC_MSGSEND = YES;
				GCC_C_LANGUAGE_STANDARD = gnu99;
				GCC_DYNAMIC_NO_PIC = NO;
				GCC_NO_COMMON_BLOCKS = YES;
				GCC_OPTIMIZATION_LEVEL = 0;
				GCC_PREPROCESSOR_DEFINITIONS = (
					"DEBUG=1",
					"$(inherited)",
				);
				GCC_SYMBOLS_PRIVATE_EXTERN = NO;
				GCC_WARN_64_TO_32_BIT_CONVERSION = YES;
				GCC_WARN_ABOUT_RETURN_TYPE = YES_ERROR;
				GCC_WARN_UNDECLARED_SELECTOR = YES;
				GCC_WARN_UNINITIALIZED_AUTOS = YES_AGGRESSIVE;
				GCC_WARN_UNUSED_FUNCTION = YES;
				GCC_WARN_UNUSED_VARIABLE = YES;
				IPHONEOS_DEPLOYMENT_TARGET = 8.4;
				MTL_ENABLE_DEBUG_INFO = YES;
				ONLY_ACTIVE_ARCH = YES;
				SDKROOT = iphoneos;
				SWIFT_OPTIMIZATION_LEVEL = "-Onone";
				TARGETED_DEVICE_FAMILY = "1,2";
			};
			name = Debug;
		};
		90F5751E1B8AACE50057CEE4 /* Release */ = {
			isa = XCBuildConfiguration;
			buildSettings = {
				ALWAYS_SEARCH_USER_PATHS = NO;
				CLANG_CXX_LANGUAGE_STANDARD = "gnu++0x";
				CLANG_CXX_LIBRARY = "libc++";
				CLANG_ENABLE_MODULES = YES;
				CLANG_ENABLE_OBJC_ARC = YES;
				CLANG_WARN_BOOL_CONVERSION = YES;
				CLANG_WARN_CONSTANT_CONVERSION = YES;
				CLANG_WARN_DIRECT_OBJC_ISA_USAGE = YES_ERROR;
				CLANG_WARN_EMPTY_BODY = YES;
				CLANG_WARN_ENUM_CONVERSION = YES;
				CLANG_WARN_INT_CONVERSION = YES;
				CLANG_WARN_OBJC_ROOT_CLASS = YES_ERROR;
				CLANG_WARN_UNREACHABLE_CODE = YES;
				CLANG_WARN__DUPLICATE_METHOD_MATCH = YES;
				"CODE_SIGN_IDENTITY[sdk=iphoneos*]" = "iPhone Developer";
				COPY_PHASE_STRIP = NO;
				DEBUG_INFORMATION_FORMAT = "dwarf-with-dsym";
				ENABLE_NS_ASSERTIONS = NO;
				ENABLE_STRICT_OBJC_MSGSEND = YES;
				GCC_C_LANGUAGE_STANDARD = gnu99;
				GCC_NO_COMMON_BLOCKS = YES;
				GCC_WARN_64_TO_32_BIT_CONVERSION = YES;
				GCC_WARN_ABOUT_RETURN_TYPE = YES_ERROR;
				GCC_WARN_UNDECLARED_SELECTOR = YES;
				GCC_WARN_UNINITIALIZED_AUTOS = YES_AGGRESSIVE;
				GCC_WARN_UNUSED_FUNCTION = YES;
				GCC_WARN_UNUSED_VARIABLE = YES;
				IPHONEOS_DEPLOYMENT_TARGET = 8.4;
				MTL_ENABLE_DEBUG_INFO = NO;
				SDKROOT = iphoneos;
				TARGETED_DEVICE_FAMILY = "1,2";
				VALIDATE_PRODUCT = YES;
			};
			name = Release;
		};
		90F575201B8AACE50057CEE4 /* Debug */ = {
			isa = XCBuildConfiguration;
			buildSettings = {
				ASSETCATALOG_COMPILER_APPICON_NAME = AppIcon;
				INFOPLIST_FILE = clcltr/Info.plist;
				LD_RUNPATH_SEARCH_PATHS = "$(inherited) @executable_path/Frameworks";
				PRODUCT_NAME = "$(TARGET_NAME)";
				TARGETED_DEVICE_FAMILY = 1;
			};
			name = Debug;
		};
		90F575211B8AACE50057CEE4 /* Release */ = {
			isa = XCBuildConfiguration;
			buildSettings = {
				ASSETCATALOG_COMPILER_APPICON_NAME = AppIcon;
				INFOPLIST_FILE = clcltr/Info.plist;
				LD_RUNPATH_SEARCH_PATHS = "$(inherited) @executable_path/Frameworks";
				PRODUCT_NAME = "$(TARGET_NAME)";
				TARGETED_DEVICE_FAMILY = 1;
			};
			name = Release;
		};
		90F575231B8AACE50057CEE4 /* Debug */ = {
			isa = XCBuildConfiguration;
			buildSettings = {
				BUNDLE_LOADER = "$(TEST_HOST)";
				FRAMEWORK_SEARCH_PATHS = (
					"$(SDKROOT)/Developer/Library/Frameworks",
					"$(inherited)",
				);
				GCC_PREPROCESSOR_DEFINITIONS = (
					"DEBUG=1",
					"$(inherited)",
				);
				INFOPLIST_FILE = clcltrTests/Info.plist;
				LD_RUNPATH_SEARCH_PATHS = "$(inherited) @executable_path/Frameworks @loader_path/Frameworks";
				PRODUCT_NAME = "$(TARGET_NAME)";
				TEST_HOST = "$(BUILT_PRODUCTS_DIR)/clcltr.app/clcltr";
			};
			name = Debug;
		};
		90F575241B8AACE50057CEE4 /* Release */ = {
			isa = XCBuildConfiguration;
			buildSettings = {
				BUNDLE_LOADER = "$(TEST_HOST)";
				FRAMEWORK_SEARCH_PATHS = (
					"$(SDKROOT)/Developer/Library/Frameworks",
					"$(inherited)",
				);
				INFOPLIST_FILE = clcltrTests/Info.plist;
				LD_RUNPATH_SEARCH_PATHS = "$(inherited) @executable_path/Frameworks @loader_path/Frameworks";
				PRODUCT_NAME = "$(TARGET_NAME)";
				TEST_HOST = "$(BUILT_PRODUCTS_DIR)/clcltr.app/clcltr";
			};
			name = Release;
		};
/* End XCBuildConfiguration section */

/* Begin XCConfigurationList section */
		90F574FB1B8AACE50057CEE4 /* Build configuration list for PBXProject "clcltr" */ = {
			isa = XCConfigurationList;
			buildConfigurations = (
				90F5751D1B8AACE50057CEE4 /* Debug */,
				90F5751E1B8AACE50057CEE4 /* Release */,
			);
			defaultConfigurationIsVisible = 0;
			defaultConfigurationName = Release;
		};
		90F5751F1B8AACE50057CEE4 /* Build configuration list for PBXNativeTarget "clcltr" */ = {
			isa = XCConfigurationList;
			buildConfigurations = (
				90F575201B8AACE50057CEE4 /* Debug */,
				90F575211B8AACE50057CEE4 /* Release */,
			);
			defaultConfigurationIsVisible = 0;
		};
		90F575221B8AACE50057CEE4 /* Build configuration list for PBXNativeTarget "clcltrTests" */ = {
			isa = XCConfigurationList;
			buildConfigurations = (
				90F575231B8AACE50057CEE4 /* Debug */,
				90F575241B8AACE50057CEE4 /* Release */,
			);
			defaultConfigurationIsVisible = 0;
		};
/* End XCConfigurationList section */
	};
	rootObject = 90F574F81B8AACE50057CEE4 /* Project object */;
}
